
Microsoft Visual Studio Solution File, Format Version 12.00
# Visual Studio Version 16
VisualStudioVersion = 16.0.30128.74
MinimumVisualStudioVersion = 10.0.40219.1
Project("{9A19103F-16F7-4668-BE54-9A1E7A4F7556}") = "CursoCSharp", "CursoCSharp\CursoCSharp.csproj", "{7DC6D014-59D1-4053-B2BB-97105A652F3C}"
EndProject
Project("{FAE04EC0-301F-11D3-BF4B-00C04F79EFBC}") = "Encapsulamento", "Encapsulamento\Encapsulamento.csproj", "{F8E1254D-8212-46E3-8EAA-9442C8BD5B02}"
EndProject
Global
	GlobalSection(SolutionConfigurationPlatforms) = preSolution
		Debug|Any CPU = Debug|Any CPU
		Release|Any CPU = Release|Any CPU
	EndGlobalSection
	GlobalSection(ProjectConfigurationPlatforms) = postSolution
		{7DC6D014-59D1-4053-B2BB-97105A652F3C}.Debug|Any CPU.ActiveCfg = Debug|Any CPU
		{7DC6D014-59D1-4053-B2BB-97105A652F3C}.Debug|Any CPU.Build.0 = Debug|Any CPU
		{7DC6D014-59D1-4053-B2BB-97105A652F3C}.Release|Any CPU.ActiveCfg = Release|Any CPU
		{7DC6D014-59D1-4053-B2BB-97105A652F3C}.Release|Any CPU.Build.0 = Release|Any CPU
		{F8E1254D-8212-46E3-8EAA-9442C8BD5B02}.Debug|Any CPU.ActiveCfg = Debug|Any CPU
		{F8E1254D-8212-46E3-8EAA-9442C8BD5B02}.Debug|Any CPU.Build.0 = Debug|Any CPU
		{F8E1254D-8212-46E3-8EAA-9442C8BD5B02}.Release|Any CPU.ActiveCfg = Release|Any CPU
		{F8E1254D-8212-46E3-8EAA-9442C8BD5B02}.Release|Any CPU.Build.0 = Release|Any CPU
	EndGlobalSection
	GlobalSection(SolutionProperties) = preSolution
		HideSolutionNode = FALSE
	EndGlobalSection
	GlobalSection(ExtensibilityGlobals) = postSolution
		SolutionGuid = {0C418D11-AFC1-4F71-A592-D010CC7A3E69}
	EndGlobalSection
EndGlobal
